// !$*UTF8*$!
{
	archiveVersion = 1;
	classes = {
	};
	objectVersion = 55;
	objects = {

/* Begin PBXBuildFile section */
		541F636B29800C5C002CD5DF /* CustomCoreHapticApp.swift in Sources */ = {isa = PBXBuildFile; fileRef = 541F636A29800C5C002CD5DF /* CustomCoreHapticApp.swift */; };
		541F636D29800C5C002CD5DF /* CoreHapticView.swift in Sources */ = {isa = PBXBuildFile; fileRef = 541F636C29800C5C002CD5DF /* CoreHapticView.swift */; };
		541F636F29800C64002CD5DF /* Assets.xcassets in Resources */ = {isa = PBXBuildFile; fileRef = 541F636E29800C64002CD5DF /* Assets.xcassets */; };
		541F637229800C64002CD5DF /* Preview Assets.xcassets in Resources */ = {isa = PBXBuildFile; fileRef = 541F637129800C64002CD5DF /* Preview Assets.xcassets */; };
		54B8B7C4299130030086A322 /* Dependencies in Frameworks */ = {isa = PBXBuildFile; productRef = 54B8B7C3299130030086A322 /* Dependencies */; };
		54B8B7C6299130030086A322 /* TCA in Frameworks */ = {isa = PBXBuildFile; productRef = 54B8B7C5299130030086A322 /* TCA */; };
		54B8B7D6299151630086A322 /* CoreHapticState.swift in Sources */ = {isa = PBXBuildFile; fileRef = 54B8B7D5299151630086A322 /* CoreHapticState.swift */; };
		54B8B7D8299151690086A322 /* CoreHapticAction.swift in Sources */ = {isa = PBXBuildFile; fileRef = 54B8B7D7299151690086A322 /* CoreHapticAction.swift */; };
		54B8B7DA299151710086A322 /* CoreHapticFeature.swift in Sources */ = {isa = PBXBuildFile; fileRef = 54B8B7D9299151710086A322 /* CoreHapticFeature.swift */; };
		54B8B7DD299152BF0086A322 /* Point.swift in Sources */ = {isa = PBXBuildFile; fileRef = 54B8B7DC299152BF0086A322 /* Point.swift */; };
		54EB74D929804ECB00679D27 /* HapticSetting.swift in Sources */ = {isa = PBXBuildFile; fileRef = 54EB74D829804ECA00679D27 /* HapticSetting.swift */; };
		54EB74DF298051EB00679D27 /* String.swift in Sources */ = {isa = PBXBuildFile; fileRef = 54EB74DE298051EA00679D27 /* String.swift */; };
/* End PBXBuildFile section */

/* Begin PBXFileReference section */
		541F636729800C5C002CD5DF /* CustomCoreHaptic.app */ = {isa = PBXFileReference; explicitFileType = wrapper.application; includeInIndex = 0; path = CustomCoreHaptic.app; sourceTree = BUILT_PRODUCTS_DIR; };
		541F636A29800C5C002CD5DF /* CustomCoreHapticApp.swift */ = {isa = PBXFileReference; lastKnownFileType = sourcecode.swift; path = CustomCoreHapticApp.swift; sourceTree = "<group>"; };
		541F636C29800C5C002CD5DF /* CoreHapticView.swift */ = {isa = PBXFileReference; lastKnownFileType = sourcecode.swift; path = CoreHapticView.swift; sourceTree = "<group>"; };
		541F636E29800C64002CD5DF /* Assets.xcassets */ = {isa = PBXFileReference; lastKnownFileType = folder.assetcatalog; path = Assets.xcassets; sourceTree = "<group>"; };
		541F637129800C64002CD5DF /* Preview Assets.xcassets */ = {isa = PBXFileReference; lastKnownFileType = folder.assetcatalog; path = "Preview Assets.xcassets"; sourceTree = "<group>"; };
		54B8B7D5299151630086A322 /* CoreHapticState.swift */ = {isa = PBXFileReference; lastKnownFileType = sourcecode.swift; path = CoreHapticState.swift; sourceTree = "<group>"; };
		54B8B7D7299151690086A322 /* CoreHapticAction.swift */ = {isa = PBXFileReference; lastKnownFileType = sourcecode.swift; path = CoreHapticAction.swift; sourceTree = "<group>"; };
		54B8B7D9299151710086A322 /* CoreHapticFeature.swift */ = {isa = PBXFileReference; lastKnownFileType = sourcecode.swift; path = CoreHapticFeature.swift; sourceTree = "<group>"; };
		54B8B7DC299152BF0086A322 /* Point.swift */ = {isa = PBXFileReference; lastKnownFileType = sourcecode.swift; path = Point.swift; sourceTree = "<group>"; };
		54EB74D829804ECA00679D27 /* HapticSetting.swift */ = {isa = PBXFileReference; lastKnownFileType = sourcecode.swift; path = HapticSetting.swift; sourceTree = "<group>"; };
		54EB74DE298051EA00679D27 /* String.swift */ = {isa = PBXFileReference; lastKnownFileType = sourcecode.swift; path = String.swift; sourceTree = "<group>"; };
/* End PBXFileReference section */

/* Begin PBXFrameworksBuildPhase section */
		541F636429800C5C002CD5DF /* Frameworks */ = {
			isa = PBXFrameworksBuildPhase;
			buildActionMask = 2147483647;
			files = (
				54B8B7C4299130030086A322 /* Dependencies in Frameworks */,
				54B8B7C6299130030086A322 /* TCA in Frameworks */,
			);
			runOnlyForDeploymentPostprocessing = 0;
		};
/* End PBXFrameworksBuildPhase section */

/* Begin PBXGroup section */
		541F635E29800C5C002CD5DF = {
			isa = PBXGroup;
			children = (
				541F636929800C5C002CD5DF /* CustomCoreHaptic */,
				541F636829800C5C002CD5DF /* Products */,
			);
			sourceTree = "<group>";
		};
		541F636829800C5C002CD5DF /* Products */ = {
			isa = PBXGroup;
			children = (
				541F636729800C5C002CD5DF /* CustomCoreHaptic.app */,
			);
			name = Products;
			sourceTree = "<group>";
		};
		541F636929800C5C002CD5DF /* CustomCoreHaptic */ = {
			isa = PBXGroup;
			children = (
				548F9C212991719000671844 /* PresentationLayer */,
				545C6AE72982580700BA73CC /* CoreLayer */,
				54EB74D629804E3E00679D27 /* Models */,
				541F636A29800C5C002CD5DF /* CustomCoreHapticApp.swift */,
				541F636E29800C64002CD5DF /* Assets.xcassets */,
				541F637029800C64002CD5DF /* Preview Content */,
			);
			path = CustomCoreHaptic;
			sourceTree = "<group>";
		};
		541F637029800C64002CD5DF /* Preview Content */ = {
			isa = PBXGroup;
			children = (
				541F637129800C64002CD5DF /* Preview Assets.xcassets */,
			);
			path = "Preview Content";
			sourceTree = "<group>";
		};
		545C6AE72982580700BA73CC /* CoreLayer */ = {
			isa = PBXGroup;
			children = (
				54EB74DC298051AE00679D27 /* Common */,
			);
			path = CoreLayer;
			sourceTree = "<group>";
		};
		548F9C212991719000671844 /* PresentationLayer */ = {
			isa = PBXGroup;
			children = (
				54B8B7D4299151330086A322 /* CoreHaptic */,
			);
			path = PresentationLayer;
			sourceTree = "<group>";
		};
		54B8B7D4299151330086A322 /* CoreHaptic */ = {
			isa = PBXGroup;
			children = (
				541F636C29800C5C002CD5DF /* CoreHapticView.swift */,
				54B8B7D5299151630086A322 /* CoreHapticState.swift */,
				54B8B7D7299151690086A322 /* CoreHapticAction.swift */,
				54B8B7D9299151710086A322 /* CoreHapticFeature.swift */,
			);
			path = CoreHaptic;
			sourceTree = "<group>";
		};
		54B8B7DB299152B40086A322 /* Plain */ = {
			isa = PBXGroup;
			children = (
				54B8B7DC299152BF0086A322 /* Point.swift */,
			);
			path = Plain;
			sourceTree = "<group>";
		};
		54EB74D629804E3E00679D27 /* Models */ = {
			isa = PBXGroup;
			children = (
				54B8B7DB299152B40086A322 /* Plain */,
				54EB74D729804E5600679D27 /* Enum */,
			);
			path = Models;
			sourceTree = "<group>";
		};
		54EB74D729804E5600679D27 /* Enum */ = {
			isa = PBXGroup;
			children = (
				54EB74D829804ECA00679D27 /* HapticSetting.swift */,
			);
			path = Enum;
			sourceTree = "<group>";
		};
		54EB74DC298051AE00679D27 /* Common */ = {
			isa = PBXGroup;
			children = (
				54EB74DD298051B700679D27 /* Extensions */,
			);
			path = Common;
			sourceTree = "<group>";
		};
		54EB74DD298051B700679D27 /* Extensions */ = {
			isa = PBXGroup;
			children = (
				54EB74DE298051EA00679D27 /* String.swift */,
			);
			path = Extensions;
			sourceTree = "<group>";
		};
/* End PBXGroup section */

/* Begin PBXNativeTarget section */
		541F636629800C5C002CD5DF /* CustomCoreHaptic */ = {
			isa = PBXNativeTarget;
			buildConfigurationList = 541F637529800C64002CD5DF /* Build configuration list for PBXNativeTarget "CustomCoreHaptic" */;
			buildPhases = (
				541F636329800C5C002CD5DF /* Sources */,
				541F636429800C5C002CD5DF /* Frameworks */,
				541F636529800C5C002CD5DF /* Resources */,
			);
			buildRules = (
			);
			dependencies = (
			);
			name = CustomCoreHaptic;
			packageProductDependencies = (
				54B8B7C3299130030086A322 /* Dependencies */,
				54B8B7C5299130030086A322 /* TCA */,
			);
			productName = CustomCoreHaptic;
			productReference = 541F636729800C5C002CD5DF /* CustomCoreHaptic.app */;
			productType = "com.apple.product-type.application";
		};
/* End PBXNativeTarget section */

/* Begin PBXProject section */
		541F635F29800C5C002CD5DF /* Project object */ = {
			isa = PBXProject;
			attributes = {
				BuildIndependentTargetsInParallel = 1;
				LastSwiftUpdateCheck = 1320;
				LastUpgradeCheck = 1320;
				TargetAttributes = {
					541F636629800C5C002CD5DF = {
						CreatedOnToolsVersion = 13.2.1;
					};
				};
			};
			buildConfigurationList = 541F636229800C5C002CD5DF /* Build configuration list for PBXProject "CustomCoreHaptic" */;
			compatibilityVersion = "Xcode 13.0";
			developmentRegion = en;
			hasScannedForEncodings = 0;
			knownRegions = (
				en,
				Base,
			);
			mainGroup = 541F635E29800C5C002CD5DF;
			packageReferences = (
				54B8B7C2299130030086A322 /* XCRemoteSwiftPackageReference "TCA" */,
			);
			productRefGroup = 541F636829800C5C002CD5DF /* Products */;
			projectDirPath = "";
			projectRoot = "";
			targets = (
				541F636629800C5C002CD5DF /* CustomCoreHaptic */,
			);
		};
/* End PBXProject section */

/* Begin PBXResourcesBuildPhase section */
		541F636529800C5C002CD5DF /* Resources */ = {
			isa = PBXResourcesBuildPhase;
			buildActionMask = 2147483647;
			files = (
				541F637229800C64002CD5DF /* Preview Assets.xcassets in Resources */,
				541F636F29800C64002CD5DF /* Assets.xcassets in Resources */,
			);
			runOnlyForDeploymentPostprocessing = 0;
		};
/* End PBXResourcesBuildPhase section */

/* Begin PBXSourcesBuildPhase section */
		541F636329800C5C002CD5DF /* Sources */ = {
			isa = PBXSourcesBuildPhase;
			buildActionMask = 2147483647;
			files = (
				54B8B7DA299151710086A322 /* CoreHapticFeature.swift in Sources */,
				54EB74DF298051EB00679D27 /* String.swift in Sources */,
				54EB74D929804ECB00679D27 /* HapticSetting.swift in Sources */,
				54B8B7D8299151690086A322 /* CoreHapticAction.swift in Sources */,
				541F636D29800C5C002CD5DF /* CoreHapticView.swift in Sources */,
				54B8B7DD299152BF0086A322 /* Point.swift in Sources */,
				54B8B7D6299151630086A322 /* CoreHapticState.swift in Sources */,
				541F636B29800C5C002CD5DF /* CustomCoreHapticApp.swift in Sources */,
			);
			runOnlyForDeploymentPostprocessing = 0;
		};
/* End PBXSourcesBuildPhase section */

/* Begin XCBuildConfiguration section */
		541F637329800C64002CD5DF /* Debug */ = {
			isa = XCBuildConfiguration;
			buildSettings = {
				ALWAYS_SEARCH_USER_PATHS = NO;
				CLANG_ANALYZER_NONNULL = YES;
				CLANG_ANALYZER_NUMBER_OBJECT_CONVERSION = YES_AGGRESSIVE;
				CLANG_CXX_LANGUAGE_STANDARD = "gnu++17";
				CLANG_CXX_LIBRARY = "libc++";
				CLANG_ENABLE_MODULES = YES;
				CLANG_ENABLE_OBJC_ARC = YES;
				CLANG_ENABLE_OBJC_WEAK = YES;
				CLANG_WARN_BLOCK_CAPTURE_AUTORELEASING = YES;
				CLANG_WARN_BOOL_CONVERSION = YES;
				CLANG_WARN_COMMA = YES;
				CLANG_WARN_CONSTANT_CONVERSION = YES;
				CLANG_WARN_DEPRECATED_OBJC_IMPLEMENTATIONS = YES;
				CLANG_WARN_DIRECT_OBJC_ISA_USAGE = YES_ERROR;
				CLANG_WARN_DOCUMENTATION_COMMENTS = YES;
				CLANG_WARN_EMPTY_BODY = YES;
				CLANG_WARN_ENUM_CONVERSION = YES;
				CLANG_WARN_INFINITE_RECURSION = YES;
				CLANG_WARN_INT_CONVERSION = YES;
				CLANG_WARN_NON_LITERAL_NULL_CONVERSION = YES;
				CLANG_WARN_OBJC_IMPLICIT_RETAIN_SELF = YES;
				CLANG_WARN_OBJC_LITERAL_CONVERSION = YES;
				CLANG_WARN_OBJC_ROOT_CLASS = YES_ERROR;
				CLANG_WARN_QUOTED_INCLUDE_IN_FRAMEWORK_HEADER = YES;
				CLANG_WARN_RANGE_LOOP_ANALYSIS = YES;
				CLANG_WARN_STRICT_PROTOTYPES = YES;
				CLANG_WARN_SUSPICIOUS_MOVE = YES;
				CLANG_WARN_UNGUARDED_AVAILABILITY = YES_AGGRESSIVE;
				CLANG_WARN_UNREACHABLE_CODE = YES;
				CLANG_WARN__DUPLICATE_METHOD_MATCH = YES;
				COPY_PHASE_STRIP = NO;
				DEBUG_INFORMATION_FORMAT = dwarf;
				ENABLE_STRICT_OBJC_MSGSEND = YES;
				ENABLE_TESTABILITY = YES;
				GCC_C_LANGUAGE_STANDARD = gnu11;
				GCC_DYNAMIC_NO_PIC = NO;
				GCC_NO_COMMON_BLOCKS = YES;
				GCC_OPTIMIZATION_LEVEL = 0;
				GCC_PREPROCESSOR_DEFINITIONS = (
					"DEBUG=1",
					"$(inherited)",
				);
				GCC_WARN_64_TO_32_BIT_CONVERSION = YES;
				GCC_WARN_ABOUT_RETURN_TYPE = YES_ERROR;
				GCC_WARN_UNDECLARED_SELECTOR = YES;
				GCC_WARN_UNINITIALIZED_AUTOS = YES_AGGRESSIVE;
				GCC_WARN_UNUSED_FUNCTION = YES;
				GCC_WARN_UNUSED_VARIABLE = YES;
				IPHONEOS_DEPLOYMENT_TARGET = 15.0;
				MTL_ENABLE_DEBUG_INFO = INCLUDE_SOURCE;
				MTL_FAST_MATH = YES;
				ONLY_ACTIVE_ARCH = YES;
				SDKROOT = iphoneos;
				SWIFT_ACTIVE_COMPILATION_CONDITIONS = DEBUG;
				SWIFT_OPTIMIZATION_LEVEL = "-Onone";
			};
			name = Debug;
		};
		541F637429800C64002CD5DF /* Release */ = {
			isa = XCBuildConfiguration;
			buildSettings = {
				ALWAYS_SEARCH_USER_PATHS = NO;
				CLANG_ANALYZER_NONNULL = YES;
				CLANG_ANALYZER_NUMBER_OBJECT_CONVERSION = YES_AGGRESSIVE;
				CLANG_CXX_LANGUAGE_STANDARD = "gnu++17";
				CLANG_CXX_LIBRARY = "libc++";
				CLANG_ENABLE_MODULES = YES;
				CLANG_ENABLE_OBJC_ARC = YES;
				CLANG_ENABLE_OBJC_WEAK = YES;
				CLANG_WARN_BLOCK_CAPTURE_AUTORELEASING = YES;
				CLANG_WARN_BOOL_CONVERSION = YES;
				CLANG_WARN_COMMA = YES;
				CLANG_WARN_CONSTANT_CONVERSION = YES;
				CLANG_WARN_DEPRECATED_OBJC_IMPLEMENTATIONS = YES;
				CLANG_WARN_DIRECT_OBJC_ISA_USAGE = YES_ERROR;
				CLANG_WARN_DOCUMENTATION_COMMENTS = YES;
				CLANG_WARN_EMPTY_BODY = YES;
				CLANG_WARN_ENUM_CONVERSION = YES;
				CLANG_WARN_INFINITE_RECURSION = YES;
				CLANG_WARN_INT_CONVERSION = YES;
				CLANG_WARN_NON_LITERAL_NULL_CONVERSION = YES;
				CLANG_WARN_OBJC_IMPLICIT_RETAIN_SELF = YES;
				CLANG_WARN_OBJC_LITERAL_CONVERSION = YES;
				CLANG_WARN_OBJC_ROOT_CLASS = YES_ERROR;
				CLANG_WARN_QUOTED_INCLUDE_IN_FRAMEWORK_HEADER = YES;
				CLANG_WARN_RANGE_LOOP_ANALYSIS = YES;
				CLANG_WARN_STRICT_PROTOTYPES = YES;
				CLANG_WARN_SUSPICIOUS_MOVE = YES;
				CLANG_WARN_UNGUARDED_AVAILABILITY = YES_AGGRESSIVE;
				CLANG_WARN_UNREACHABLE_CODE = YES;
				CLANG_WARN__DUPLICATE_METHOD_MATCH = YES;
				COPY_PHASE_STRIP = NO;
				DEBUG_INFORMATION_FORMAT = "dwarf-with-dsym";
				ENABLE_NS_ASSERTIONS = NO;
				ENABLE_STRICT_OBJC_MSGSEND = YES;
				GCC_C_LANGUAGE_STANDARD = gnu11;
				GCC_NO_COMMON_BLOCKS = YES;
				GCC_WARN_64_TO_32_BIT_CONVERSION = YES;
				GCC_WARN_ABOUT_RETURN_TYPE = YES_ERROR;
				GCC_WARN_UNDECLARED_SELECTOR = YES;
				GCC_WARN_UNINITIALIZED_AUTOS = YES_AGGRESSIVE;
				GCC_WARN_UNUSED_FUNCTION = YES;
				GCC_WARN_UNUSED_VARIABLE = YES;
				IPHONEOS_DEPLOYMENT_TARGET = 15.0;
				MTL_ENABLE_DEBUG_INFO = NO;
				MTL_FAST_MATH = YES;
				SDKROOT = iphoneos;
				SWIFT_COMPILATION_MODE = wholemodule;
				SWIFT_OPTIMIZATION_LEVEL = "-O";
				VALIDATE_PRODUCT = YES;
			};
			name = Release;
		};
		541F637629800C64002CD5DF /* Debug */ = {
			isa = XCBuildConfiguration;
			buildSettings = {
				ASSETCATALOG_COMPILER_APPICON_NAME = AppIcon;
				ASSETCATALOG_COMPILER_GLOBAL_ACCENT_COLOR_NAME = AccentColor;
				CODE_SIGN_STYLE = Automatic;
				CURRENT_PROJECT_VERSION = 1;
				DEVELOPMENT_ASSET_PATHS = "\"CustomCoreHaptic/Preview Content\"";
				DEVELOPMENT_TEAM = H6F8KM7F3T;
				ENABLE_PREVIEWS = YES;
				GENERATE_INFOPLIST_FILE = YES;
				INFOPLIST_KEY_UIApplicationSceneManifest_Generation = YES;
				INFOPLIST_KEY_UIApplicationSupportsIndirectInputEvents = YES;
				INFOPLIST_KEY_UILaunchScreen_Generation = YES;
				INFOPLIST_KEY_UISupportedInterfaceOrientations_iPad = "UIInterfaceOrientationPortrait UIInterfaceOrientationPortraitUpsideDown UIInterfaceOrientationLandscapeLeft UIInterfaceOrientationLandscapeRight";
				INFOPLIST_KEY_UISupportedInterfaceOrientations_iPhone = "UIInterfaceOrientationPortrait UIInterfaceOrientationLandscapeLeft UIInterfaceOrientationLandscapeRight";
				IPHONEOS_DEPLOYMENT_TARGET = 15.0;
				LD_RUNPATH_SEARCH_PATHS = (
					"$(inherited)",
					"@executable_path/Frameworks",
				);
				MARKETING_VERSION = 1.0;
				PRODUCT_BUNDLE_IDENTIFIER = "ru.Gleb-Kovalenko.CustomCoreHaptic";
				PRODUCT_NAME = "$(TARGET_NAME)";
				SWIFT_EMIT_LOC_STRINGS = YES;
				SWIFT_VERSION = 5.0;
				TARGETED_DEVICE_FAMILY = "1,2";
			};
			name = Debug;
		};
		541F637729800C64002CD5DF /* Release */ = {
			isa = XCBuildConfiguration;
			buildSettings = {
				ASSETCATALOG_COMPILER_APPICON_NAME = AppIcon;
				ASSETCATALOG_COMPILER_GLOBAL_ACCENT_COLOR_NAME = AccentColor;
				CODE_SIGN_STYLE = Automatic;
				CURRENT_PROJECT_VERSION = 1;
				DEVELOPMENT_ASSET_PATHS = "\"CustomCoreHaptic/Preview Content\"";
				DEVELOPMENT_TEAM = H6F8KM7F3T;
				ENABLE_PREVIEWS = YES;
				GENERATE_INFOPLIST_FILE = YES;
				INFOPLIST_KEY_UIApplicationSceneManifest_Generation = YES;
				INFOPLIST_KEY_UIApplicationSupportsIndirectInputEvents = YES;
				INFOPLIST_KEY_UILaunchScreen_Generation = YES;
				INFOPLIST_KEY_UISupportedInterfaceOrientations_iPad = "UIInterfaceOrientationPortrait UIInterfaceOrientationPortraitUpsideDown UIInterfaceOrientationLandscapeLeft UIInterfaceOrientationLandscapeRight";
				INFOPLIST_KEY_UISupportedInterfaceOrientations_iPhone = "UIInterfaceOrientationPortrait UIInterfaceOrientationLandscapeLeft UIInterfaceOrientationLandscapeRight";
				IPHONEOS_DEPLOYMENT_TARGET = 15.0;
				LD_RUNPATH_SEARCH_PATHS = (
					"$(inherited)",
					"@executable_path/Frameworks",
				);
				MARKETING_VERSION = 1.0;
				PRODUCT_BUNDLE_IDENTIFIER = "ru.Gleb-Kovalenko.CustomCoreHaptic";
				PRODUCT_NAME = "$(TARGET_NAME)";
				SWIFT_EMIT_LOC_STRINGS = YES;
				SWIFT_VERSION = 5.0;
				TARGETED_DEVICE_FAMILY = "1,2";
			};
			name = Release;
		};
/* End XCBuildConfiguration section */

/* Begin XCConfigurationList section */
		541F636229800C5C002CD5DF /* Build configuration list for PBXProject "CustomCoreHaptic" */ = {
			isa = XCConfigurationList;
			buildConfigurations = (
				541F637329800C64002CD5DF /* Debug */,
				541F637429800C64002CD5DF /* Release */,
			);
			defaultConfigurationIsVisible = 0;
			defaultConfigurationName = Release;
		};
		541F637529800C64002CD5DF /* Build configuration list for PBXNativeTarget "CustomCoreHaptic" */ = {
			isa = XCConfigurationList;
			buildConfigurations = (
				541F637629800C64002CD5DF /* Debug */,
				541F637729800C64002CD5DF /* Release */,
			);
			defaultConfigurationIsVisible = 0;
			defaultConfigurationName = Release;
		};
/* End XCConfigurationList section */

/* Begin XCRemoteSwiftPackageReference section */
		54B8B7C2299130030086A322 /* XCRemoteSwiftPackageReference "TCA" */ = {
			isa = XCRemoteSwiftPackageReference;
			repositoryURL = "https://github.com/monession/TCA";
			requirement = {
				branch = master;
				kind = branch;
			};
		};
/* End XCRemoteSwiftPackageReference section */

/* Begin XCSwiftPackageProductDependency section */
		54B8B7C3299130030086A322 /* Dependencies */ = {
			isa = XCSwiftPackageProductDependency;
			package = 54B8B7C2299130030086A322 /* XCRemoteSwiftPackageReference "TCA" */;
			productName = Dependencies;
		};
		54B8B7C5299130030086A322 /* TCA */ = {
			isa = XCSwiftPackageProductDependency;
			package = 54B8B7C2299130030086A322 /* XCRemoteSwiftPackageReference "TCA" */;
			productName = TCA;
		};
/* End XCSwiftPackageProductDependency section */
	};
	rootObject = 541F635F29800C5C002CD5DF /* Project object */;
}
